
Microsoft Visual Studio Solution File, Format Version 12.00
# Visual Studio Version 17
VisualStudioVersion = 17.11.35222.181
MinimumVisualStudioVersion = 10.0.40219.1
Project("{9A19103F-16F7-4668-BE54-9A1E7A4F7556}") = "Fidelicard.Usuario.Core", "Fidelicard.Usuario.Core\Fidelicard.Usuario.Core.csproj", "{F2BB1666-739C-4F79-977E-A705022DE7F9}"
EndProject
Project("{9A19103F-16F7-4668-BE54-9A1E7A4F7556}") = "Fidelicard.Usuario.Infra", "Fidelicard.Usuario.Infra\Fidelicard.Usuario.Infra.csproj", "{1F8E57D8-0361-4720-BBA1-A57EAFBD73E5}"
EndProject
Project("{9A19103F-16F7-4668-BE54-9A1E7A4F7556}") = "Fidelicard.Usuario", "Fidelicard.Usuario\Fidelicard.Usuario.csproj", "{676551CC-6122-4FFF-9E88-631FD10770A7}"
EndProject
Project("{2150E333-8FDC-42A3-9474-1A3956D46DE8}") = "Tests", "Tests", "{634FA327-9451-47AC-A5FD-5A55C5236587}"
EndProject
Project("{FAE04EC0-301F-11D3-BF4B-00C04F79EFBC}") = "Fidelicard.Usuario.UnitTests", "C:\Users\tiago\OneDrive\Área de Trabalho\Fidelicard.Usuario\Fidelicard.Usuario\Fidelicard.Usuario\Fidelicard.Usuario.UnitTests\Fidelicard.Usuario.UnitTests.csproj", "{8E3E2829-A452-42F2-878B-4EA0974FB109}"
EndProject
Project("{FAE04EC0-301F-11D3-BF4B-00C04F79EFBC}") = "Fidelicard.Usuario.Integration.Tests", "C:\Users\tiago\OneDrive\Área de Trabalho\Fidelicard.Usuario\Fidelicard.Usuario\Fidelicard.Usuario\Fidelicard.Usuario.Integration.Tests\Fidelicard.Usuario.Integration.Tests.csproj", "{359253F7-53AD-4FD5-B079-FEC3D737869A}"
EndProject
Global
	GlobalSection(SolutionConfigurationPlatforms) = preSolution
		Debug|Any CPU = Debug|Any CPU
		Release|Any CPU = Release|Any CPU
	EndGlobalSection
	GlobalSection(ProjectConfigurationPlatforms) = postSolution
		{F2BB1666-739C-4F79-977E-A705022DE7F9}.Debug|Any CPU.ActiveCfg = Debug|Any CPU
		{F2BB1666-739C-4F79-977E-A705022DE7F9}.Debug|Any CPU.Build.0 = Debug|Any CPU
		{F2BB1666-739C-4F79-977E-A705022DE7F9}.Release|Any CPU.ActiveCfg = Release|Any CPU
		{F2BB1666-739C-4F79-977E-A705022DE7F9}.Release|Any CPU.Build.0 = Release|Any CPU
		{1F8E57D8-0361-4720-BBA1-A57EAFBD73E5}.Debug|Any CPU.ActiveCfg = Debug|Any CPU
		{1F8E57D8-0361-4720-BBA1-A57EAFBD73E5}.Debug|Any CPU.Build.0 = Debug|Any CPU
		{1F8E57D8-0361-4720-BBA1-A57EAFBD73E5}.Release|Any CPU.ActiveCfg = Release|Any CPU
		{1F8E57D8-0361-4720-BBA1-A57EAFBD73E5}.Release|Any CPU.Build.0 = Release|Any CPU
		{676551CC-6122-4FFF-9E88-631FD10770A7}.Debug|Any CPU.ActiveCfg = Debug|Any CPU
		{676551CC-6122-4FFF-9E88-631FD10770A7}.Debug|Any CPU.Build.0 = Debug|Any CPU
		{676551CC-6122-4FFF-9E88-631FD10770A7}.Release|Any CPU.ActiveCfg = Release|Any CPU
		{676551CC-6122-4FFF-9E88-631FD10770A7}.Release|Any CPU.Build.0 = Release|Any CPU
		{8E3E2829-A452-42F2-878B-4EA0974FB109}.Debug|Any CPU.ActiveCfg = Debug|Any CPU
		{8E3E2829-A452-42F2-878B-4EA0974FB109}.Debug|Any CPU.Build.0 = Debug|Any CPU
		{8E3E2829-A452-42F2-878B-4EA0974FB109}.Release|Any CPU.ActiveCfg = Release|Any CPU
		{8E3E2829-A452-42F2-878B-4EA0974FB109}.Release|Any CPU.Build.0 = Release|Any CPU
		{359253F7-53AD-4FD5-B079-FEC3D737869A}.Debug|Any CPU.ActiveCfg = Debug|Any CPU
		{359253F7-53AD-4FD5-B079-FEC3D737869A}.Debug|Any CPU.Build.0 = Debug|Any CPU
		{359253F7-53AD-4FD5-B079-FEC3D737869A}.Release|Any CPU.ActiveCfg = Release|Any CPU
		{359253F7-53AD-4FD5-B079-FEC3D737869A}.Release|Any CPU.Build.0 = Release|Any CPU
	EndGlobalSection
	GlobalSection(SolutionProperties) = preSolution
		HideSolutionNode = FALSE
	EndGlobalSection
	GlobalSection(NestedProjects) = preSolution
		{8E3E2829-A452-42F2-878B-4EA0974FB109} = {634FA327-9451-47AC-A5FD-5A55C5236587}
		{359253F7-53AD-4FD5-B079-FEC3D737869A} = {634FA327-9451-47AC-A5FD-5A55C5236587}
	EndGlobalSection
	GlobalSection(ExtensibilityGlobals) = postSolution
		SolutionGuid = {4DF3DEEF-E1CB-4655-9789-91656DCBF05A}
	EndGlobalSection
EndGlobal
